// !$*UTF8*$!
{
	archiveVersion = 1;
	classes = {
	};
	objectVersion = 46;
	objects = {

/* Begin PBXBuildFile section */
		CA5622101C7000C8001ACEA1 /* SignInViewController.swift in Sources */ = {isa = PBXBuildFile; fileRef = CA56220F1C7000C8001ACEA1 /* SignInViewController.swift */; };
		CA5622121C7051E3001ACEA1 /* Common.swift in Sources */ = {isa = PBXBuildFile; fileRef = CA5622111C7051E3001ACEA1 /* Common.swift */; };
		CA5622141C70E581001ACEA1 /* TutorialViewController.swift in Sources */ = {isa = PBXBuildFile; fileRef = CA5622131C70E581001ACEA1 /* TutorialViewController.swift */; };
		CA5622161C71556D001ACEA1 /* ImageTimelineViewController.swift in Sources */ = {isa = PBXBuildFile; fileRef = CA5622151C71556D001ACEA1 /* ImageTimelineViewController.swift */; };
		CA5622181C715781001ACEA1 /* ConversationsViewController.swift in Sources */ = {isa = PBXBuildFile; fileRef = CA5622171C715781001ACEA1 /* ConversationsViewController.swift */; };
		CA56221A1C715A36001ACEA1 /* SettingsViewController.swift in Sources */ = {isa = PBXBuildFile; fileRef = CA5622191C715A36001ACEA1 /* SettingsViewController.swift */; };
		CA56221C1C719DE0001ACEA1 /* CreateAccountViewController.swift in Sources */ = {isa = PBXBuildFile; fileRef = CA56221B1C719DE0001ACEA1 /* CreateAccountViewController.swift */; };
		CA56221E1C71B1EE001ACEA1 /* TermsViewController.swift in Sources */ = {isa = PBXBuildFile; fileRef = CA56221D1C71B1EE001ACEA1 /* TermsViewController.swift */; };
		CA5622221C72A43F001ACEA1 /* AboutCarouselViewController.swift in Sources */ = {isa = PBXBuildFile; fileRef = CA5622211C72A43F001ACEA1 /* AboutCarouselViewController.swift */; };
		CAD5EC7D1C6FF4780004B437 /* AppDelegate.swift in Sources */ = {isa = PBXBuildFile; fileRef = CAD5EC7C1C6FF4780004B437 /* AppDelegate.swift */; };
		CAD5EC7F1C6FF4780004B437 /* ViewController.swift in Sources */ = {isa = PBXBuildFile; fileRef = CAD5EC7E1C6FF4780004B437 /* ViewController.swift */; };
		CAD5EC821C6FF4780004B437 /* Main.storyboard in Resources */ = {isa = PBXBuildFile; fileRef = CAD5EC801C6FF4780004B437 /* Main.storyboard */; };
		CAD5EC841C6FF4780004B437 /* Assets.xcassets in Resources */ = {isa = PBXBuildFile; fileRef = CAD5EC831C6FF4780004B437 /* Assets.xcassets */; };
		CAD5EC871C6FF4780004B437 /* LaunchScreen.storyboard in Resources */ = {isa = PBXBuildFile; fileRef = CAD5EC851C6FF4780004B437 /* LaunchScreen.storyboard */; };
		CAD5EC8F1C6FF6560004B437 /* IntroViewController.swift in Sources */ = {isa = PBXBuildFile; fileRef = CAD5EC8E1C6FF6560004B437 /* IntroViewController.swift */; };
/* End PBXBuildFile section */

/* Begin PBXFileReference section */
		CA56220F1C7000C8001ACEA1 /* SignInViewController.swift */ = {isa = PBXFileReference; fileEncoding = 4; lastKnownFileType = sourcecode.swift; path = SignInViewController.swift; sourceTree = "<group>"; };
		CA5622111C7051E3001ACEA1 /* Common.swift */ = {isa = PBXFileReference; fileEncoding = 4; lastKnownFileType = sourcecode.swift; path = Common.swift; sourceTree = "<group>"; };
		CA5622131C70E581001ACEA1 /* TutorialViewController.swift */ = {isa = PBXFileReference; fileEncoding = 4; lastKnownFileType = sourcecode.swift; path = TutorialViewController.swift; sourceTree = "<group>"; };
		CA5622151C71556D001ACEA1 /* ImageTimelineViewController.swift */ = {isa = PBXFileReference; fileEncoding = 4; lastKnownFileType = sourcecode.swift; path = ImageTimelineViewController.swift; sourceTree = "<group>"; };
		CA5622171C715781001ACEA1 /* ConversationsViewController.swift */ = {isa = PBXFileReference; fileEncoding = 4; lastKnownFileType = sourcecode.swift; path = ConversationsViewController.swift; sourceTree = "<group>"; };
		CA5622191C715A36001ACEA1 /* SettingsViewController.swift */ = {isa = PBXFileReference; fileEncoding = 4; lastKnownFileType = sourcecode.swift; path = SettingsViewController.swift; sourceTree = "<group>"; };
		CA56221B1C719DE0001ACEA1 /* CreateAccountViewController.swift */ = {isa = PBXFileReference; fileEncoding = 4; lastKnownFileType = sourcecode.swift; path = CreateAccountViewController.swift; sourceTree = "<group>"; };
		CA56221D1C71B1EE001ACEA1 /* TermsViewController.swift */ = {isa = PBXFileReference; fileEncoding = 4; lastKnownFileType = sourcecode.swift; path = TermsViewController.swift; sourceTree = "<group>"; };
		CA5622211C72A43F001ACEA1 /* AboutCarouselViewController.swift */ = {isa = PBXFileReference; fileEncoding = 4; lastKnownFileType = sourcecode.swift; path = AboutCarouselViewController.swift; sourceTree = "<group>"; };
		CAD5EC791C6FF4780004B437 /* Carousel.app */ = {isa = PBXFileReference; explicitFileType = wrapper.application; includeInIndex = 0; path = Carousel.app; sourceTree = BUILT_PRODUCTS_DIR; };
		CAD5EC7C1C6FF4780004B437 /* AppDelegate.swift */ = {isa = PBXFileReference; lastKnownFileType = sourcecode.swift; path = AppDelegate.swift; sourceTree = "<group>"; };
		CAD5EC7E1C6FF4780004B437 /* ViewController.swift */ = {isa = PBXFileReference; lastKnownFileType = sourcecode.swift; path = ViewController.swift; sourceTree = "<group>"; };
		CAD5EC811C6FF4780004B437 /* Base */ = {isa = PBXFileReference; lastKnownFileType = file.storyboard; name = Base; path = Base.lproj/Main.storyboard; sourceTree = "<group>"; };
		CAD5EC831C6FF4780004B437 /* Assets.xcassets */ = {isa = PBXFileReference; lastKnownFileType = folder.assetcatalog; path = Assets.xcassets; sourceTree = "<group>"; };
		CAD5EC861C6FF4780004B437 /* Base */ = {isa = PBXFileReference; lastKnownFileType = file.storyboard; name = Base; path = Base.lproj/LaunchScreen.storyboard; sourceTree = "<group>"; };
		CAD5EC881C6FF4780004B437 /* Info.plist */ = {isa = PBXFileReference; lastKnownFileType = text.plist.xml; path = Info.plist; sourceTree = "<group>"; };
		CAD5EC8E1C6FF6560004B437 /* IntroViewController.swift */ = {isa = PBXFileReference; fileEncoding = 4; lastKnownFileType = sourcecode.swift; path = IntroViewController.swift; sourceTree = "<group>"; };
/* End PBXFileReference section */

/* Begin PBXFrameworksBuildPhase section */
		CAD5EC761C6FF4780004B437 /* Frameworks */ = {
			isa = PBXFrameworksBuildPhase;
			buildActionMask = 2147483647;
			files = (
			);
			runOnlyForDeploymentPostprocessing = 0;
		};
/* End PBXFrameworksBuildPhase section */

/* Begin PBXGroup section */
		CAD5EC701C6FF4780004B437 = {
			isa = PBXGroup;
			children = (
				CAD5EC7B1C6FF4780004B437 /* Carousel */,
				CAD5EC7A1C6FF4780004B437 /* Products */,
			);
			sourceTree = "<group>";
		};
		CAD5EC7A1C6FF4780004B437 /* Products */ = {
			isa = PBXGroup;
			children = (
				CAD5EC791C6FF4780004B437 /* Carousel.app */,
			);
			name = Products;
			sourceTree = "<group>";
		};
		CAD5EC7B1C6FF4780004B437 /* Carousel */ = {
			isa = PBXGroup;
			children = (
				CA5622151C71556D001ACEA1 /* ImageTimelineViewController.swift */,
				CAD5EC7C1C6FF4780004B437 /* AppDelegate.swift */,
				CAD5EC7E1C6FF4780004B437 /* ViewController.swift */,
				CAD5EC801C6FF4780004B437 /* Main.storyboard */,
				CA5622211C72A43F001ACEA1 /* AboutCarouselViewController.swift */,
				CA56221D1C71B1EE001ACEA1 /* TermsViewController.swift */,
				CA56221B1C719DE0001ACEA1 /* CreateAccountViewController.swift */,
				CA5622191C715A36001ACEA1 /* SettingsViewController.swift */,
				CA5622171C715781001ACEA1 /* ConversationsViewController.swift */,
				CA56220F1C7000C8001ACEA1 /* SignInViewController.swift */,
				CA5622131C70E581001ACEA1 /* TutorialViewController.swift */,
				CA5622111C7051E3001ACEA1 /* Common.swift */,
				CAD5EC8E1C6FF6560004B437 /* IntroViewController.swift */,
				CAD5EC831C6FF4780004B437 /* Assets.xcassets */,
				CAD5EC851C6FF4780004B437 /* LaunchScreen.storyboard */,
				CAD5EC881C6FF4780004B437 /* Info.plist */,
			);
			path = Carousel;
			sourceTree = "<group>";
		};
/* End PBXGroup section */

/* Begin PBXNativeTarget section */
		CAD5EC781C6FF4780004B437 /* Carousel */ = {
			isa = PBXNativeTarget;
			buildConfigurationList = CAD5EC8B1C6FF4780004B437 /* Build configuration list for PBXNativeTarget "Carousel" */;
			buildPhases = (
				CAD5EC751C6FF4780004B437 /* Sources */,
				CAD5EC761C6FF4780004B437 /* Frameworks */,
				CAD5EC771C6FF4780004B437 /* Resources */,
			);
			buildRules = (
			);
			dependencies = (
			);
			name = Carousel;
			productName = Carousel;
			productReference = CAD5EC791C6FF4780004B437 /* Carousel.app */;
			productType = "com.apple.product-type.application";
		};
/* End PBXNativeTarget section */

/* Begin PBXProject section */
		CAD5EC711C6FF4780004B437 /* Project object */ = {
			isa = PBXProject;
			attributes = {
				LastSwiftUpdateCheck = 0720;
				LastUpgradeCheck = 0720;
				ORGANIZATIONNAME = "Diana Nedkova";
				TargetAttributes = {
					CAD5EC781C6FF4780004B437 = {
						CreatedOnToolsVersion = 7.2.1;
					};
				};
			};
			buildConfigurationList = CAD5EC741C6FF4780004B437 /* Build configuration list for PBXProject "Carousel" */;
			compatibilityVersion = "Xcode 3.2";
			developmentRegion = English;
			hasScannedForEncodings = 0;
			knownRegions = (
				en,
				Base,
			);
			mainGroup = CAD5EC701C6FF4780004B437;
			productRefGroup = CAD5EC7A1C6FF4780004B437 /* Products */;
			projectDirPath = "";
			projectRoot = "";
			targets = (
				CAD5EC781C6FF4780004B437 /* Carousel */,
			);
		};
/* End PBXProject section */

/* Begin PBXResourcesBuildPhase section */
		CAD5EC771C6FF4780004B437 /* Resources */ = {
			isa = PBXResourcesBuildPhase;
			buildActionMask = 2147483647;
			files = (
				CAD5EC871C6FF4780004B437 /* LaunchScreen.storyboard in Resources */,
				CAD5EC841C6FF4780004B437 /* Assets.xcassets in Resources */,
				CAD5EC821C6FF4780004B437 /* Main.storyboard in Resources */,
			);
			runOnlyForDeploymentPostprocessing = 0;
		};
/* End PBXResourcesBuildPhase section */

/* Begin PBXSourcesBuildPhase section */
		CAD5EC751C6FF4780004B437 /* Sources */ = {
			isa = PBXSourcesBuildPhase;
			buildActionMask = 2147483647;
			files = (
				CA5622221C72A43F001ACEA1 /* AboutCarouselViewController.swift in Sources */,
				CA56221E1C71B1EE001ACEA1 /* TermsViewController.swift in Sources */,
				CA56221C1C719DE0001ACEA1 /* CreateAccountViewController.swift in Sources */,
				CA5622101C7000C8001ACEA1 /* SignInViewController.swift in Sources */,
				CA5622161C71556D001ACEA1 /* ImageTimelineViewController.swift in Sources */,
				CAD5EC8F1C6FF6560004B437 /* IntroViewController.swift in Sources */,
				CA5622181C715781001ACEA1 /* ConversationsViewController.swift in Sources */,
				CAD5EC7F1C6FF4780004B437 /* ViewController.swift in Sources */,
				CA5622121C7051E3001ACEA1 /* Common.swift in Sources */,
				CA5622141C70E581001ACEA1 /* TutorialViewController.swift in Sources */,
				CAD5EC7D1C6FF4780004B437 /* AppDelegate.swift in Sources */,
				CA56221A1C715A36001ACEA1 /* SettingsViewController.swift in Sources */,
			);
			runOnlyForDeploymentPostprocessing = 0;
		};
/* End PBXSourcesBuildPhase section */

/* Begin PBXVariantGroup section */
		CAD5EC801C6FF4780004B437 /* Main.storyboard */ = {
			isa = PBXVariantGroup;
			children = (
				CAD5EC811C6FF4780004B437 /* Base */,
			);
			name = Main.storyboard;
			sourceTree = "<group>";
		};
		CAD5EC851C6FF4780004B437 /* LaunchScreen.storyboard */ = {
			isa = PBXVariantGroup;
			children = (
				CAD5EC861C6FF4780004B437 /* Base */,
			);
			name = LaunchScreen.storyboard;
			sourceTree = "<group>";
		};
/* End PBXVariantGroup section */

/* Begin XCBuildConfiguration section */
		CAD5EC891C6FF4780004B437 /* Debug */ = {
			isa = XCBuildConfiguration;
			buildSettings = {
				ALWAYS_SEARCH_USER_PATHS = NO;
				CLANG_CXX_LANGUAGE_STANDARD = "gnu++0x";
				CLANG_CXX_LIBRARY = "libc++";
				CLANG_ENABLE_MODULES = YES;
				CLANG_ENABLE_OBJC_ARC = YES;
				CLANG_WARN_BOOL_CONVERSION = YES;
				CLANG_WARN_CONSTANT_CONVERSION = YES;
				CLANG_WARN_DIRECT_OBJC_ISA_USAGE = YES_ERROR;
				CLANG_WARN_EMPTY_BODY = YES;
				CLANG_WARN_ENUM_CONVERSION = YES;
				CLANG_WARN_INT_CONVERSION = YES;
				CLANG_WARN_OBJC_ROOT_CLASS = YES_ERROR;
				CLANG_WARN_UNREACHABLE_CODE = YES;
				CLANG_WARN__DUPLICATE_METHOD_MATCH = YES;
				"CODE_SIGN_IDENTITY[sdk=iphoneos*]" = "iPhone Developer";
				COPY_PHASE_STRIP = NO;
				DEBUG_INFORMATION_FORMAT = dwarf;
				ENABLE_STRICT_OBJC_MSGSEND = YES;
				ENABLE_TESTABILITY = YES;
				GCC_C_LANGUAGE_STANDARD = gnu99;
				GCC_DYNAMIC_NO_PIC = NO;
				GCC_NO_COMMON_BLOCKS = YES;
				GCC_OPTIMIZATION_LEVEL = 0;
				GCC_PREPROCESSOR_DEFINITIONS = (
					"DEBUG=1",
					"$(inherited)",
				);
				GCC_WARN_64_TO_32_BIT_CONVERSION = YES;
				GCC_WARN_ABOUT_RETURN_TYPE = YES_ERROR;
				GCC_WARN_UNDECLARED_SELECTOR = YES;
				GCC_WARN_UNINITIALIZED_AUTOS = YES_AGGRESSIVE;
				GCC_WARN_UNUSED_FUNCTION = YES;
				GCC_WARN_UNUSED_VARIABLE = YES;
				IPHONEOS_DEPLOYMENT_TARGET = 9.2;
				MTL_ENABLE_DEBUG_INFO = YES;
				ONLY_ACTIVE_ARCH = YES;
				SDKROOT = iphoneos;
				SWIFT_OPTIMIZATION_LEVEL = "-Onone";
			};
			name = Debug;
		};
		CAD5EC8A1C6FF4780004B437 /* Release */ = {
			isa = XCBuildConfiguration;
			buildSettings = {
				ALWAYS_SEARCH_USER_PATHS = NO;
				CLANG_CXX_LANGUAGE_STANDARD = "gnu++0x";
				CLANG_CXX_LIBRARY = "libc++";
				CLANG_ENABLE_MODULES = YES;
				CLANG_ENABLE_OBJC_ARC = YES;
				CLANG_WARN_BOOL_CONVERSION = YES;
				CLANG_WARN_CONSTANT_CONVERSION = YES;
				CLANG_WARN_DIRECT_OBJC_ISA_USAGE = YES_ERROR;
				CLANG_WARN_EMPTY_BODY = YES;
				CLANG_WARN_ENUM_CONVERSION = YES;
				CLANG_WARN_INT_CONVERSION = YES;
				CLANG_WARN_OBJC_ROOT_CLASS = YES_ERROR;
				CLANG_WARN_UNREACHABLE_CODE = YES;
				CLANG_WARN__DUPLICATE_METHOD_MATCH = YES;
				"CODE_SIGN_IDENTITY[sdk=iphoneos*]" = "iPhone Developer";
				COPY_PHASE_STRIP = NO;
				DEBUG_INFORMATION_FORMAT = "dwarf-with-dsym";
				ENABLE_NS_ASSERTIONS = NO;
				ENABLE_STRICT_OBJC_MSGSEND = YES;
				GCC_C_LANGUAGE_STANDARD = gnu99;
				GCC_NO_COMMON_BLOCKS = YES;
				GCC_WARN_64_TO_32_BIT_CONVERSION = YES;
				GCC_WARN_ABOUT_RETURN_TYPE = YES_ERROR;
				GCC_WARN_UNDECLARED_SELECTOR = YES;
				GCC_WARN_UNINITIALIZED_AUTOS = YES_AGGRESSIVE;
				GCC_WARN_UNUSED_FUNCTION = YES;
				GCC_WARN_UNUSED_VARIABLE = YES;
				IPHONEOS_DEPLOYMENT_TARGET = 9.2;
				MTL_ENABLE_DEBUG_INFO = NO;
				SDKROOT = iphoneos;
				VALIDATE_PRODUCT = YES;
			};
			name = Release;
		};
		CAD5EC8C1C6FF4780004B437 /* Debug */ = {
			isa = XCBuildConfiguration;
			buildSettings = {
				ASSETCATALOG_COMPILER_APPICON_NAME = AppIcon;
				INFOPLIST_FILE = Carousel/Info.plist;
				LD_RUNPATH_SEARCH_PATHS = "$(inherited) @executable_path/Frameworks";
				PRODUCT_BUNDLE_IDENTIFIER = com.lyft.Carousel;
				PRODUCT_NAME = "$(TARGET_NAME)";
			};
			name = Debug;
		};
		CAD5EC8D1C6FF4780004B437 /* Release */ = {
			isa = XCBuildConfiguration;
			buildSettings = {
				ASSETCATALOG_COMPILER_APPICON_NAME = AppIcon;
				INFOPLIST_FILE = Carousel/Info.plist;
				LD_RUNPATH_SEARCH_PATHS = "$(inherited) @executable_path/Frameworks";
				PRODUCT_BUNDLE_IDENTIFIER = com.lyft.Carousel;
				PRODUCT_NAME = "$(TARGET_NAME)";
			};
			name = Release;
		};
/* End XCBuildConfiguration section */

/* Begin XCConfigurationList section */
		CAD5EC741C6FF4780004B437 /* Build configuration list for PBXProject "Carousel" */ = {
			isa = XCConfigurationList;
			buildConfigurations = (
				CAD5EC891C6FF4780004B437 /* Debug */,
				CAD5EC8A1C6FF4780004B437 /* Release */,
			);
			defaultConfigurationIsVisible = 0;
			defaultConfigurationName = Release;
		};
		CAD5EC8B1C6FF4780004B437 /* Build configuration list for PBXNativeTarget "Carousel" */ = {
			isa = XCConfigurationList;
			buildConfigurations = (
				CAD5EC8C1C6FF4780004B437 /* Debug */,
				CAD5EC8D1C6FF4780004B437 /* Release */,
			);
			defaultConfigurationIsVisible = 0;
			defaultConfigurationName = Release;
		};
/* End XCConfigurationList section */
	};
	rootObject = CAD5EC711C6FF4780004B437 /* Project object */;
}
